
Microsoft Visual Studio Solution File, Format Version 12.00
# Visual Studio Version 17
VisualStudioVersion = 17.5.33530.505
MinimumVisualStudioVersion = 10.0.40219.1
Project("{9A19103F-16F7-4668-BE54-9A1E7A4F7556}") = "TinyGUI", "TinyGUI\TinyGUI.csproj", "{55538B09-96EA-45F6-8C04-846FC355F445}"
EndProject
Project("{9A19103F-16F7-4668-BE54-9A1E7A4F7556}") = "TinyGUI.UI.Windows", "TinyGUI.UI.Windows\TinyGUI.UI.Windows.csproj", "{E1EE11AD-1E63-4144-A96F-997F7DDDE039}"
EndProject
Project("{9A19103F-16F7-4668-BE54-9A1E7A4F7556}") = "Tinify", "Tinify\Tinify.csproj", "{35C4945A-906C-4267-99B9-9753248C49E0}"
EndProject
Project("{2150E333-8FDC-42A3-9474-1A3956D46DE8}") = "Solution Items", "Solution Items", "{DE232AAD-CDA8-45B1-8E35-0ED286B25C13}"
	ProjectSection(SolutionItems) = preProject
		.editorconfig = .editorconfig
	EndProjectSection
EndProject
Global
	GlobalSection(SolutionConfigurationPlatforms) = preSolution
		Debug|Any CPU = Debug|Any CPU
		Release|Any CPU = Release|Any CPU
	EndGlobalSection
	GlobalSection(ProjectConfigurationPlatforms) = postSolution
		{55538B09-96EA-45F6-8C04-846FC355F445}.Debug|Any CPU.ActiveCfg = Debug|Any CPU
		{55538B09-96EA-45F6-8C04-846FC355F445}.Debug|Any CPU.Build.0 = Debug|Any CPU
		{55538B09-96EA-45F6-8C04-846FC355F445}.Release|Any CPU.ActiveCfg = Release|Any CPU
		{55538B09-96EA-45F6-8C04-846FC355F445}.Release|Any CPU.Build.0 = Release|Any CPU
		{E1EE11AD-1E63-4144-A96F-997F7DDDE039}.Debug|Any CPU.ActiveCfg = Debug|Any CPU
		{E1EE11AD-1E63-4144-A96F-997F7DDDE039}.Debug|Any CPU.Build.0 = Debug|Any CPU
		{E1EE11AD-1E63-4144-A96F-997F7DDDE039}.Release|Any CPU.ActiveCfg = Release|Any CPU
		{E1EE11AD-1E63-4144-A96F-997F7DDDE039}.Release|Any CPU.Build.0 = Release|Any CPU
		{35C4945A-906C-4267-99B9-9753248C49E0}.Debug|Any CPU.ActiveCfg = Debug|Any CPU
		{35C4945A-906C-4267-99B9-9753248C49E0}.Debug|Any CPU.Build.0 = Debug|Any CPU
		{35C4945A-906C-4267-99B9-9753248C49E0}.Release|Any CPU.ActiveCfg = Release|Any CPU
		{35C4945A-906C-4267-99B9-9753248C49E0}.Release|Any CPU.Build.0 = Release|Any CPU
	EndGlobalSection
	GlobalSection(SolutionProperties) = preSolution
		HideSolutionNode = FALSE
	EndGlobalSection
	GlobalSection(ExtensibilityGlobals) = postSolution
		SolutionGuid = {9C1EAC98-754F-42FF-865C-1BB778AC3A1C}
	EndGlobalSection
EndGlobal
